
Microsoft Visual Studio Solution File, Format Version 12.00
# Visual Studio Version 16
VisualStudioVersion = 16.0.31515.178
MinimumVisualStudioVersion = 10.0.40219.1
Project("{9A19103F-16F7-4668-BE54-9A1E7A4F7556}") = "SampleApp.Server", "Server\SampleApp.Server.csproj", "{82E85169-2409-45DA-B286-123E303F55CF}"
EndProject
Project("{9A19103F-16F7-4668-BE54-9A1E7A4F7556}") = "SampleApp.Client", "Client\SampleApp.Client.csproj", "{74D0E7B5-6326-4AA9-B1BF-8E049A925EA5}"
EndProject
Project("{9A19103F-16F7-4668-BE54-9A1E7A4F7556}") = "SampleApp.Shared", "Shared\SampleApp.Shared.csproj", "{C7B5C976-E651-4507-911C-030C5FADFFBB}"
EndProject
Global
	GlobalSection(SolutionConfigurationPlatforms) = preSolution
		Debug|Any CPU = Debug|Any CPU
		Release|Any CPU = Release|Any CPU
	EndGlobalSection
	GlobalSection(ProjectConfigurationPlatforms) = postSolution
		{82E85169-2409-45DA-B286-123E303F55CF}.Debug|Any CPU.ActiveCfg = Debug|Any CPU
		{82E85169-2409-45DA-B286-123E303F55CF}.Debug|Any CPU.Build.0 = Debug|Any CPU
		{82E85169-2409-45DA-B286-123E303F55CF}.Release|Any CPU.ActiveCfg = Release|Any CPU
		{82E85169-2409-45DA-B286-123E303F55CF}.Release|Any CPU.Build.0 = Release|Any CPU
		{74D0E7B5-6326-4AA9-B1BF-8E049A925EA5}.Debug|Any CPU.ActiveCfg = Debug|Any CPU
		{74D0E7B5-6326-4AA9-B1BF-8E049A925EA5}.Debug|Any CPU.Build.0 = Debug|Any CPU
		{74D0E7B5-6326-4AA9-B1BF-8E049A925EA5}.Release|Any CPU.ActiveCfg = Release|Any CPU
		{74D0E7B5-6326-4AA9-B1BF-8E049A925EA5}.Release|Any CPU.Build.0 = Release|Any CPU
		{C7B5C976-E651-4507-911C-030C5FADFFBB}.Debug|Any CPU.ActiveCfg = Debug|Any CPU
		{C7B5C976-E651-4507-911C-030C5FADFFBB}.Debug|Any CPU.Build.0 = Debug|Any CPU
		{C7B5C976-E651-4507-911C-030C5FADFFBB}.Release|Any CPU.ActiveCfg = Release|Any CPU
		{C7B5C976-E651-4507-911C-030C5FADFFBB}.Release|Any CPU.Build.0 = Release|Any CPU
	EndGlobalSection
	GlobalSection(SolutionProperties) = preSolution
		HideSolutionNode = FALSE
	EndGlobalSection
	GlobalSection(ExtensibilityGlobals) = postSolution
		SolutionGuid = {F07CD867-DC6C-4FD1-880A-F91B0284F6F1}
	EndGlobalSection
EndGlobal
